
Microsoft Visual Studio Solution File, Format Version 12.00
# Visual Studio Version 17
VisualStudioVersion = 17.5.33530.505
MinimumVisualStudioVersion = 10.0.40219.1
Project("{8BC9CEB8-8B4A-11D0-8D11-00A0C91BC942}") = "2304_Ulyanytskyi_0201", "2304_Ulyanytskyi_0201.vcxproj", "{65FB1F2A-263E-4E0F-8285-61B4F8A62C43}"
EndProject
Global
	GlobalSection(SolutionConfigurationPlatforms) = preSolution
		Debug|x64 = Debug|x64
		Debug|x86 = Debug|x86
		Release|x64 = Release|x64
		Release|x86 = Release|x86
	EndGlobalSection
	GlobalSection(ProjectConfigurationPlatforms) = postSolution
		{65FB1F2A-263E-4E0F-8285-61B4F8A62C43}.Debug|x64.ActiveCfg = Debug|x64
		{65FB1F2A-263E-4E0F-8285-61B4F8A62C43}.Debug|x64.Build.0 = Debug|x64
		{65FB1F2A-263E-4E0F-8285-61B4F8A62C43}.Debug|x86.ActiveCfg = Debug|Win32
		{65FB1F2A-263E-4E0F-8285-61B4F8A62C43}.Debug|x86.Build.0 = Debug|Win32
		{65FB1F2A-263E-4E0F-8285-61B4F8A62C43}.Release|x64.ActiveCfg = Release|x64
		{65FB1F2A-263E-4E0F-8285-61B4F8A62C43}.Release|x64.Build.0 = Release|x64
		{65FB1F2A-263E-4E0F-8285-61B4F8A62C43}.Release|x86.ActiveCfg = Release|Win32
		{65FB1F2A-263E-4E0F-8285-61B4F8A62C43}.Release|x86.Build.0 = Release|Win32
	EndGlobalSection
	GlobalSection(SolutionProperties) = preSolution
		HideSolutionNode = FALSE
	EndGlobalSection
	GlobalSection(ExtensibilityGlobals) = postSolution
		SolutionGuid = {30A374C4-DB67-48E6-B541-737391F1E6DF}
	EndGlobalSection
EndGlobal
